
Microsoft Visual Studio Solution File, Format Version 12.00
# Visual Studio 15
VisualStudioVersion = 15.0.26730.16
MinimumVisualStudioVersion = 10.0.40219.1
Project("{FAE04EC0-301F-11D3-BF4B-00C04F79EFBC}") = "WpfApp2", "WpfApp2\WpfApp2.csproj", "{66CA35D9-096D-4CC7-B8E4-4F60B6D38FC7}"
EndProject
Global
	GlobalSection(SolutionConfigurationPlatforms) = preSolution
		Debug|Any CPU = Debug|Any CPU
		Release|Any CPU = Release|Any CPU
	EndGlobalSection
	GlobalSection(ProjectConfigurationPlatforms) = postSolution
		{66CA35D9-096D-4CC7-B8E4-4F60B6D38FC7}.Debug|Any CPU.ActiveCfg = Debug|Any CPU
		{66CA35D9-096D-4CC7-B8E4-4F60B6D38FC7}.Debug|Any CPU.Build.0 = Debug|Any CPU
		{66CA35D9-096D-4CC7-B8E4-4F60B6D38FC7}.Release|Any CPU.ActiveCfg = Release|Any CPU
		{66CA35D9-096D-4CC7-B8E4-4F60B6D38FC7}.Release|Any CPU.Build.0 = Release|Any CPU
	EndGlobalSection
	GlobalSection(SolutionProperties) = preSolution
		HideSolutionNode = FALSE
	EndGlobalSection
	GlobalSection(ExtensibilityGlobals) = postSolution
		SolutionGuid = {4182F193-3AF9-4EFD-A90D-BFACDCF30039}
	EndGlobalSection
EndGlobal
